
Microsoft Visual Studio Solution File, Format Version 12.00
# Visual Studio Version 17
VisualStudioVersion = 17.7.34202.233
MinimumVisualStudioVersion = 10.0.40219.1
Project("{8BC9CEB8-8B4A-11D0-8D11-00A0C91BC942}") = "Day1", "Day1\Day1.vcxproj", "{C30153E7-B1CC-4A55-B967-700E029DC908}"
EndProject
Project("{8BC9CEB8-8B4A-11D0-8D11-00A0C91BC942}") = "Day2", "Day2\Day2.vcxproj", "{F30BC488-CA74-4F7E-8946-473B0D3C33E6}"
EndProject
Project("{8BC9CEB8-8B4A-11D0-8D11-00A0C91BC942}") = "Day3", "Day3\Day3.vcxproj", "{D6AC30CB-D54A-49A2-965C-0B7722081E60}"
EndProject
Project("{8BC9CEB8-8B4A-11D0-8D11-00A0C91BC942}") = "Day4", "Day4\Day4.vcxproj", "{C5D1C10E-486B-46DF-A0CB-F86D6E3F04E6}"
EndProject
Project("{8BC9CEB8-8B4A-11D0-8D11-00A0C91BC942}") = "Day5", "Day5\Day5.vcxproj", "{A9205619-F28A-4DE4-95DA-37F0AD1FE56D}"
EndProject
Project("{8BC9CEB8-8B4A-11D0-8D11-00A0C91BC942}") = "Day6", "Day6\Day6.vcxproj", "{81463142-5E7F-47EF-A14D-9098316880ED}"
EndProject
Project("{8BC9CEB8-8B4A-11D0-8D11-00A0C91BC942}") = "Day7", "Day7\Day7.vcxproj", "{EB4C29B7-01CA-4CC0-88AF-84B4D0A634EF}"
EndProject
Project("{8BC9CEB8-8B4A-11D0-8D11-00A0C91BC942}") = "Day8", "Day8\Day8.vcxproj", "{A12A3512-CB3B-4620-BDC5-EC0E1EEAA051}"
EndProject
Project("{8BC9CEB8-8B4A-11D0-8D11-00A0C91BC942}") = "Day9", "Day9\Day9.vcxproj", "{EAF07190-C677-4434-A8EC-91FE17A69CF0}"
EndProject
Global
	GlobalSection(SolutionConfigurationPlatforms) = preSolution
		Debug|x64 = Debug|x64
		Debug|x86 = Debug|x86
		Release|x64 = Release|x64
		Release|x86 = Release|x86
	EndGlobalSection
	GlobalSection(ProjectConfigurationPlatforms) = postSolution
		{C30153E7-B1CC-4A55-B967-700E029DC908}.Debug|x64.ActiveCfg = Debug|x64
		{C30153E7-B1CC-4A55-B967-700E029DC908}.Debug|x64.Build.0 = Debug|x64
		{C30153E7-B1CC-4A55-B967-700E029DC908}.Debug|x86.ActiveCfg = Debug|Win32
		{C30153E7-B1CC-4A55-B967-700E029DC908}.Debug|x86.Build.0 = Debug|Win32
		{C30153E7-B1CC-4A55-B967-700E029DC908}.Release|x64.ActiveCfg = Release|x64
		{C30153E7-B1CC-4A55-B967-700E029DC908}.Release|x64.Build.0 = Release|x64
		{C30153E7-B1CC-4A55-B967-700E029DC908}.Release|x86.ActiveCfg = Release|Win32
		{C30153E7-B1CC-4A55-B967-700E029DC908}.Release|x86.Build.0 = Release|Win32
		{F30BC488-CA74-4F7E-8946-473B0D3C33E6}.Debug|x64.ActiveCfg = Debug|x64
		{F30BC488-CA74-4F7E-8946-473B0D3C33E6}.Debug|x64.Build.0 = Debug|x64
		{F30BC488-CA74-4F7E-8946-473B0D3C33E6}.Debug|x86.ActiveCfg = Debug|Win32
		{F30BC488-CA74-4F7E-8946-473B0D3C33E6}.Debug|x86.Build.0 = Debug|Win32
		{F30BC488-CA74-4F7E-8946-473B0D3C33E6}.Release|x64.ActiveCfg = Release|x64
		{F30BC488-CA74-4F7E-8946-473B0D3C33E6}.Release|x64.Build.0 = Release|x64
		{F30BC488-CA74-4F7E-8946-473B0D3C33E6}.Release|x86.ActiveCfg = Release|Win32
		{F30BC488-CA74-4F7E-8946-473B0D3C33E6}.Release|x86.Build.0 = Release|Win32
		{D6AC30CB-D54A-49A2-965C-0B7722081E60}.Debug|x64.ActiveCfg = Debug|x64
		{D6AC30CB-D54A-49A2-965C-0B7722081E60}.Debug|x64.Build.0 = Debug|x64
		{D6AC30CB-D54A-49A2-965C-0B7722081E60}.Debug|x86.ActiveCfg = Debug|Win32
		{D6AC30CB-D54A-49A2-965C-0B7722081E60}.Debug|x86.Build.0 = Debug|Win32
		{D6AC30CB-D54A-49A2-965C-0B7722081E60}.Release|x64.ActiveCfg = Release|x64
		{D6AC30CB-D54A-49A2-965C-0B7722081E60}.Release|x64.Build.0 = Release|x64
		{D6AC30CB-D54A-49A2-965C-0B7722081E60}.Release|x86.ActiveCfg = Release|Win32
		{D6AC30CB-D54A-49A2-965C-0B7722081E60}.Release|x86.Build.0 = Release|Win32
		{C5D1C10E-486B-46DF-A0CB-F86D6E3F04E6}.Debug|x64.ActiveCfg = Debug|x64
		{C5D1C10E-486B-46DF-A0CB-F86D6E3F04E6}.Debug|x64.Build.0 = Debug|x64
		{C5D1C10E-486B-46DF-A0CB-F86D6E3F04E6}.Debug|x86.ActiveCfg = Debug|Win32
		{C5D1C10E-486B-46DF-A0CB-F86D6E3F04E6}.Debug|x86.Build.0 = Debug|Win32
		{C5D1C10E-486B-46DF-A0CB-F86D6E3F04E6}.Release|x64.ActiveCfg = Release|x64
		{C5D1C10E-486B-46DF-A0CB-F86D6E3F04E6}.Release|x64.Build.0 = Release|x64
		{C5D1C10E-486B-46DF-A0CB-F86D6E3F04E6}.Release|x86.ActiveCfg = Release|Win32
		{C5D1C10E-486B-46DF-A0CB-F86D6E3F04E6}.Release|x86.Build.0 = Release|Win32
		{A9205619-F28A-4DE4-95DA-37F0AD1FE56D}.Debug|x64.ActiveCfg = Debug|x64
		{A9205619-F28A-4DE4-95DA-37F0AD1FE56D}.Debug|x64.Build.0 = Debug|x64
		{A9205619-F28A-4DE4-95DA-37F0AD1FE56D}.Debug|x86.ActiveCfg = Debug|Win32
		{A9205619-F28A-4DE4-95DA-37F0AD1FE56D}.Debug|x86.Build.0 = Debug|Win32
		{A9205619-F28A-4DE4-95DA-37F0AD1FE56D}.Release|x64.ActiveCfg = Release|x64
		{A9205619-F28A-4DE4-95DA-37F0AD1FE56D}.Release|x64.Build.0 = Release|x64
		{A9205619-F28A-4DE4-95DA-37F0AD1FE56D}.Release|x86.ActiveCfg = Release|Win32
		{A9205619-F28A-4DE4-95DA-37F0AD1FE56D}.Release|x86.Build.0 = Release|Win32
		{81463142-5E7F-47EF-A14D-9098316880ED}.Debug|x64.ActiveCfg = Debug|x64
		{81463142-5E7F-47EF-A14D-9098316880ED}.Debug|x64.Build.0 = Debug|x64
		{81463142-5E7F-47EF-A14D-9098316880ED}.Debug|x86.ActiveCfg = Debug|Win32
		{81463142-5E7F-47EF-A14D-9098316880ED}.Debug|x86.Build.0 = Debug|Win32
		{81463142-5E7F-47EF-A14D-9098316880ED}.Release|x64.ActiveCfg = Release|x64
		{81463142-5E7F-47EF-A14D-9098316880ED}.Release|x64.Build.0 = Release|x64
		{81463142-5E7F-47EF-A14D-9098316880ED}.Release|x86.ActiveCfg = Release|Win32
		{81463142-5E7F-47EF-A14D-9098316880ED}.Release|x86.Build.0 = Release|Win32
		{EB4C29B7-01CA-4CC0-88AF-84B4D0A634EF}.Debug|x64.ActiveCfg = Debug|x64
		{EB4C29B7-01CA-4CC0-88AF-84B4D0A634EF}.Debug|x64.Build.0 = Debug|x64
		{EB4C29B7-01CA-4CC0-88AF-84B4D0A634EF}.Debug|x86.ActiveCfg = Debug|Win32
		{EB4C29B7-01CA-4CC0-88AF-84B4D0A634EF}.Debug|x86.Build.0 = Debug|Win32
		{EB4C29B7-01CA-4CC0-88AF-84B4D0A634EF}.Release|x64.ActiveCfg = Release|x64
		{EB4C29B7-01CA-4CC0-88AF-84B4D0A634EF}.Release|x64.Build.0 = Release|x64
		{EB4C29B7-01CA-4CC0-88AF-84B4D0A634EF}.Release|x86.ActiveCfg = Release|Win32
		{EB4C29B7-01CA-4CC0-88AF-84B4D0A634EF}.Release|x86.Build.0 = Release|Win32
		{A12A3512-CB3B-4620-BDC5-EC0E1EEAA051}.Debug|x64.ActiveCfg = Debug|x64
		{A12A3512-CB3B-4620-BDC5-EC0E1EEAA051}.Debug|x64.Build.0 = Debug|x64
		{A12A3512-CB3B-4620-BDC5-EC0E1EEAA051}.Debug|x86.ActiveCfg = Debug|Win32
		{A12A3512-CB3B-4620-BDC5-EC0E1EEAA051}.Debug|x86.Build.0 = Debug|Win32
		{A12A3512-CB3B-4620-BDC5-EC0E1EEAA051}.Release|x64.ActiveCfg = Release|x64
		{A12A3512-CB3B-4620-BDC5-EC0E1EEAA051}.Release|x64.Build.0 = Release|x64
		{A12A3512-CB3B-4620-BDC5-EC0E1EEAA051}.Release|x86.ActiveCfg = Release|Win32
		{A12A3512-CB3B-4620-BDC5-EC0E1EEAA051}.Release|x86.Build.0 = Release|Win32
		{EAF07190-C677-4434-A8EC-91FE17A69CF0}.Debug|x64.ActiveCfg = Debug|x64
		{EAF07190-C677-4434-A8EC-91FE17A69CF0}.Debug|x64.Build.0 = Debug|x64
		{EAF07190-C677-4434-A8EC-91FE17A69CF0}.Debug|x86.ActiveCfg = Debug|Win32
		{EAF07190-C677-4434-A8EC-91FE17A69CF0}.Debug|x86.Build.0 = Debug|Win32
		{EAF07190-C677-4434-A8EC-91FE17A69CF0}.Release|x64.ActiveCfg = Release|x64
		{EAF07190-C677-4434-A8EC-91FE17A69CF0}.Release|x64.Build.0 = Release|x64
		{EAF07190-C677-4434-A8EC-91FE17A69CF0}.Release|x86.ActiveCfg = Release|Win32
		{EAF07190-C677-4434-A8EC-91FE17A69CF0}.Release|x86.Build.0 = Release|Win32
	EndGlobalSection
	GlobalSection(SolutionProperties) = preSolution
		HideSolutionNode = FALSE
	EndGlobalSection
	GlobalSection(ExtensibilityGlobals) = postSolution
		SolutionGuid = {114B3AC0-4547-46B4-BB06-1CEA4E598898}
	EndGlobalSection
EndGlobal
